// !$*UTF8*$!
{
	archiveVersion = 1;
	classes = {
	};
	objectVersion = 77;
	objects = {

/* Begin PBXBuildFile section */
		AFC10FDF2D9A735400E217F2 /* FirebaseAnalytics in Frameworks */ = {isa = PBXBuildFile; productRef = AFC10FDE2D9A735400E217F2 /* FirebaseAnalytics */; };
		AFC10FE12D9A735400E217F2 /* FirebaseAnalyticsOnDeviceConversion in Frameworks */ = {isa = PBXBuildFile; productRef = AFC10FE02D9A735400E217F2 /* FirebaseAnalyticsOnDeviceConversion */; };
		AFC10FE32D9A735400E217F2 /* FirebaseAnalyticsWithoutAdIdSupport in Frameworks */ = {isa = PBXBuildFile; productRef = AFC10FE22D9A735400E217F2 /* FirebaseAnalyticsWithoutAdIdSupport */; };
		AFC10FE52D9A735400E217F2 /* FirebaseAppCheck in Frameworks */ = {isa = PBXBuildFile; productRef = AFC10FE42D9A735400E217F2 /* FirebaseAppCheck */; };
		AFC10FE72D9A735400E217F2 /* FirebaseAppDistribution-Beta in Frameworks */ = {isa = PBXBuildFile; productRef = AFC10FE62D9A735400E217F2 /* FirebaseAppDistribution-Beta */; };
		AFC110252D9A80AE00E217F2 /* FirebaseAuth in Frameworks */ = {isa = PBXBuildFile; productRef = AFC110242D9A80AE00E217F2 /* FirebaseAuth */; };
		AFC110272D9A80B900E217F2 /* FirebaseFirestore in Frameworks */ = {isa = PBXBuildFile; productRef = AFC110262D9A80B900E217F2 /* FirebaseFirestore */; };
/* End PBXBuildFile section */

/* Begin PBXContainerItemProxy section */
		AFC10F982D99715C00E217F2 /* PBXContainerItemProxy */ = {
			isa = PBXContainerItemProxy;
			containerPortal = AFC10F7F2D99715900E217F2 /* Project object */;
			proxyType = 1;
			remoteGlobalIDString = AFC10F862D99715900E217F2;
			remoteInfo = GroceryAssistant;
		};
		AFC10FA22D99715C00E217F2 /* PBXContainerItemProxy */ = {
			isa = PBXContainerItemProxy;
			containerPortal = AFC10F7F2D99715900E217F2 /* Project object */;
			proxyType = 1;
			remoteGlobalIDString = AFC10F862D99715900E217F2;
			remoteInfo = GroceryAssistant;
		};
/* End PBXContainerItemProxy section */

/* Begin PBXFileReference section */
		AFC10F872D99715900E217F2 /* GroceryAssistant.app */ = {isa = PBXFileReference; explicitFileType = wrapper.application; includeInIndex = 0; path = GroceryAssistant.app; sourceTree = BUILT_PRODUCTS_DIR; };
		AFC10F972D99715C00E217F2 /* GroceryAssistantTests.xctest */ = {isa = PBXFileReference; explicitFileType = wrapper.cfbundle; includeInIndex = 0; path = GroceryAssistantTests.xctest; sourceTree = BUILT_PRODUCTS_DIR; };
		AFC10FA12D99715C00E217F2 /* GroceryAssistantUITests.xctest */ = {isa = PBXFileReference; explicitFileType = wrapper.cfbundle; includeInIndex = 0; path = GroceryAssistantUITests.xctest; sourceTree = BUILT_PRODUCTS_DIR; };
/* End PBXFileReference section */

/* Begin PBXFileSystemSynchronizedBuildFileExceptionSet section */
		AF246D962DB5FCF200FAF51F /* Exceptions for "GroceryAssistant" folder in "GroceryAssistant" target */ = {
			isa = PBXFileSystemSynchronizedBuildFileExceptionSet;
			membershipExceptions = (
				Info.plist,
			);
			target = AFC10F862D99715900E217F2 /* GroceryAssistant */;
		};
/* End PBXFileSystemSynchronizedBuildFileExceptionSet section */

/* Begin PBXFileSystemSynchronizedRootGroup section */
		AFC10F892D99715900E217F2 /* GroceryAssistant */ = {
			isa = PBXFileSystemSynchronizedRootGroup;
			exceptions = (
				AF246D962DB5FCF200FAF51F /* Exceptions for "GroceryAssistant" folder in "GroceryAssistant" target */,
			);
			path = GroceryAssistant;
			sourceTree = "<group>";
		};
		AFC10F9A2D99715C00E217F2 /* GroceryAssistantTests */ = {
			isa = PBXFileSystemSynchronizedRootGroup;
			path = GroceryAssistantTests;
			sourceTree = "<group>";
		};
		AFC10FA42D99715C00E217F2 /* GroceryAssistantUITests */ = {
			isa = PBXFileSystemSynchronizedRootGroup;
			path = GroceryAssistantUITests;
			sourceTree = "<group>";
		};
/* End PBXFileSystemSynchronizedRootGroup section */

/* Begin PBXFrameworksBuildPhase section */
		AFC10F842D99715900E217F2 /* Frameworks */ = {
			isa = PBXFrameworksBuildPhase;
			buildActionMask = 2147483647;
			files = (
				AFC10FE52D9A735400E217F2 /* FirebaseAppCheck in Frameworks */,
				AFC110252D9A80AE00E217F2 /* FirebaseAuth in Frameworks */,
				AFC10FDF2D9A735400E217F2 /* FirebaseAnalytics in Frameworks */,
				AFC10FE72D9A735400E217F2 /* FirebaseAppDistribution-Beta in Frameworks */,
				AFC10FE32D9A735400E217F2 /* FirebaseAnalyticsWithoutAdIdSupport in Frameworks */,
				AFC10FE12D9A735400E217F2 /* FirebaseAnalyticsOnDeviceConversion in Frameworks */,
				AFC110272D9A80B900E217F2 /* FirebaseFirestore in Frameworks */,
			);
			runOnlyForDeploymentPostprocessing = 0;
		};
		AFC10F942D99715C00E217F2 /* Frameworks */ = {
			isa = PBXFrameworksBuildPhase;
			buildActionMask = 2147483647;
			files = (
			);
			runOnlyForDeploymentPostprocessing = 0;
		};
		AFC10F9E2D99715C00E217F2 /* Frameworks */ = {
			isa = PBXFrameworksBuildPhase;
			buildActionMask = 2147483647;
			files = (
			);
			runOnlyForDeploymentPostprocessing = 0;
		};
/* End PBXFrameworksBuildPhase section */

/* Begin PBXGroup section */
		AFC10F7E2D99715900E217F2 = {
			isa = PBXGroup;
			children = (
				AFC10F892D99715900E217F2 /* GroceryAssistant */,
				AFC10F9A2D99715C00E217F2 /* GroceryAssistantTests */,
				AFC10FA42D99715C00E217F2 /* GroceryAssistantUITests */,
				AFC110232D9A80AE00E217F2 /* Frameworks */,
				AFC10F882D99715900E217F2 /* Products */,
			);
			sourceTree = "<group>";
		};
		AFC10F882D99715900E217F2 /* Products */ = {
			isa = PBXGroup;
			children = (
				AFC10F872D99715900E217F2 /* GroceryAssistant.app */,
				AFC10F972D99715C00E217F2 /* GroceryAssistantTests.xctest */,
				AFC10FA12D99715C00E217F2 /* GroceryAssistantUITests.xctest */,
			);
			name = Products;
			sourceTree = "<group>";
		};
		AFC110232D9A80AE00E217F2 /* Frameworks */ = {
			isa = PBXGroup;
			children = (
			);
			name = Frameworks;
			sourceTree = "<group>";
		};
/* End PBXGroup section */

/* Begin PBXNativeTarget section */
		AFC10F862D99715900E217F2 /* GroceryAssistant */ = {
			isa = PBXNativeTarget;
			buildConfigurationList = AFC10FAB2D99715C00E217F2 /* Build configuration list for PBXNativeTarget "GroceryAssistant" */;
			buildPhases = (
				AFC10F832D99715900E217F2 /* Sources */,
				AFC10F842D99715900E217F2 /* Frameworks */,
				AFC10F852D99715900E217F2 /* Resources */,
			);
			buildRules = (
			);
			dependencies = (
			);
			fileSystemSynchronizedGroups = (
				AFC10F892D99715900E217F2 /* GroceryAssistant */,
			);
			name = GroceryAssistant;
			packageProductDependencies = (
				AFC10FDE2D9A735400E217F2 /* FirebaseAnalytics */,
				AFC10FE02D9A735400E217F2 /* FirebaseAnalyticsOnDeviceConversion */,
				AFC10FE22D9A735400E217F2 /* FirebaseAnalyticsWithoutAdIdSupport */,
				AFC10FE42D9A735400E217F2 /* FirebaseAppCheck */,
				AFC10FE62D9A735400E217F2 /* FirebaseAppDistribution-Beta */,
				AFC110242D9A80AE00E217F2 /* FirebaseAuth */,
				AFC110262D9A80B900E217F2 /* FirebaseFirestore */,
			);
			productName = GroceryAssistant;
			productReference = AFC10F872D99715900E217F2 /* GroceryAssistant.app */;
			productType = "com.apple.product-type.application";
		};
		AFC10F962D99715C00E217F2 /* GroceryAssistantTests */ = {
			isa = PBXNativeTarget;
			buildConfigurationList = AFC10FAE2D99715C00E217F2 /* Build configuration list for PBXNativeTarget "GroceryAssistantTests" */;
			buildPhases = (
				AFC10F932D99715C00E217F2 /* Sources */,
				AFC10F942D99715C00E217F2 /* Frameworks */,
				AFC10F952D99715C00E217F2 /* Resources */,
			);
			buildRules = (
			);
			dependencies = (
				AFC10F992D99715C00E217F2 /* PBXTargetDependency */,
			);
			fileSystemSynchronizedGroups = (
				AFC10F9A2D99715C00E217F2 /* GroceryAssistantTests */,
			);
			name = GroceryAssistantTests;
			packageProductDependencies = (
			);
			productName = GroceryAssistantTests;
			productReference = AFC10F972D99715C00E217F2 /* GroceryAssistantTests.xctest */;
			productType = "com.apple.product-type.bundle.unit-test";
		};
		AFC10FA02D99715C00E217F2 /* GroceryAssistantUITests */ = {
			isa = PBXNativeTarget;
			buildConfigurationList = AFC10FB12D99715C00E217F2 /* Build configuration list for PBXNativeTarget "GroceryAssistantUITests" */;
			buildPhases = (
				AFC10F9D2D99715C00E217F2 /* Sources */,
				AFC10F9E2D99715C00E217F2 /* Frameworks */,
				AFC10F9F2D99715C00E217F2 /* Resources */,
			);
			buildRules = (
			);
			dependencies = (
				AFC10FA32D99715C00E217F2 /* PBXTargetDependency */,
			);
			fileSystemSynchronizedGroups = (
				AFC10FA42D99715C00E217F2 /* GroceryAssistantUITests */,
			);
			name = GroceryAssistantUITests;
			packageProductDependencies = (
			);
			productName = GroceryAssistantUITests;
			productReference = AFC10FA12D99715C00E217F2 /* GroceryAssistantUITests.xctest */;
			productType = "com.apple.product-type.bundle.ui-testing";
		};
/* End PBXNativeTarget section */

/* Begin PBXProject section */
		AFC10F7F2D99715900E217F2 /* Project object */ = {
			isa = PBXProject;
			attributes = {
				BuildIndependentTargetsInParallel = 1;
				LastSwiftUpdateCheck = 1610;
				LastUpgradeCheck = 1610;
				TargetAttributes = {
					AFC10F862D99715900E217F2 = {
						CreatedOnToolsVersion = 16.1;
					};
					AFC10F962D99715C00E217F2 = {
						CreatedOnToolsVersion = 16.1;
						TestTargetID = AFC10F862D99715900E217F2;
					};
					AFC10FA02D99715C00E217F2 = {
						CreatedOnToolsVersion = 16.1;
						TestTargetID = AFC10F862D99715900E217F2;
					};
				};
			};
			buildConfigurationList = AFC10F822D99715900E217F2 /* Build configuration list for PBXProject "GroceryAssistant" */;
			developmentRegion = en;
			hasScannedForEncodings = 0;
			knownRegions = (
				en,
				Base,
			);
			mainGroup = AFC10F7E2D99715900E217F2;
			minimizedProjectReferenceProxies = 1;
			packageReferences = (
				AFC10FDD2D9A735400E217F2 /* XCRemoteSwiftPackageReference "firebase-ios-sdk" */,
			);
			preferredProjectObjectVersion = 77;
			productRefGroup = AFC10F882D99715900E217F2 /* Products */;
			projectDirPath = "";
			projectRoot = "";
			targets = (
				AFC10F862D99715900E217F2 /* GroceryAssistant */,
				AFC10F962D99715C00E217F2 /* GroceryAssistantTests */,
				AFC10FA02D99715C00E217F2 /* GroceryAssistantUITests */,
			);
		};
/* End PBXProject section */

/* Begin PBXResourcesBuildPhase section */
		AFC10F852D99715900E217F2 /* Resources */ = {
			isa = PBXResourcesBuildPhase;
			buildActionMask = 2147483647;
			files = (
			);
			runOnlyForDeploymentPostprocessing = 0;
		};
		AFC10F952D99715C00E217F2 /* Resources */ = {
			isa = PBXResourcesBuildPhase;
			buildActionMask = 2147483647;
			files = (
			);
			runOnlyForDeploymentPostprocessing = 0;
		};
		AFC10F9F2D99715C00E217F2 /* Resources */ = {
			isa = PBXResourcesBuildPhase;
			buildActionMask = 2147483647;
			files = (
			);
			runOnlyForDeploymentPostprocessing = 0;
		};
/* End PBXResourcesBuildPhase section */

/* Begin PBXSourcesBuildPhase section */
		AFC10F832D99715900E217F2 /* Sources */ = {
			isa = PBXSourcesBuildPhase;
			buildActionMask = 2147483647;
			files = (
			);
			runOnlyForDeploymentPostprocessing = 0;
		};
		AFC10F932D99715C00E217F2 /* Sources */ = {
			isa = PBXSourcesBuildPhase;
			buildActionMask = 2147483647;
			files = (
			);
			runOnlyForDeploymentPostprocessing = 0;
		};
		AFC10F9D2D99715C00E217F2 /* Sources */ = {
			isa = PBXSourcesBuildPhase;
			buildActionMask = 2147483647;
			files = (
			);
			runOnlyForDeploymentPostprocessing = 0;
		};
/* End PBXSourcesBuildPhase section */

/* Begin PBXTargetDependency section */
		AFC10F992D99715C00E217F2 /* PBXTargetDependency */ = {
			isa = PBXTargetDependency;
			target = AFC10F862D99715900E217F2 /* GroceryAssistant */;
			targetProxy = AFC10F982D99715C00E217F2 /* PBXContainerItemProxy */;
		};
		AFC10FA32D99715C00E217F2 /* PBXTargetDependency */ = {
			isa = PBXTargetDependency;
			target = AFC10F862D99715900E217F2 /* GroceryAssistant */;
			targetProxy = AFC10FA22D99715C00E217F2 /* PBXContainerItemProxy */;
		};
/* End PBXTargetDependency section */

/* Begin XCBuildConfiguration section */
		AFC10FA92D99715C00E217F2 /* Debug */ = {
			isa = XCBuildConfiguration;
			buildSettings = {
				ALWAYS_SEARCH_USER_PATHS = NO;
				ASSETCATALOG_COMPILER_GENERATE_SWIFT_ASSET_SYMBOL_EXTENSIONS = YES;
				CLANG_ANALYZER_NONNULL = YES;
				CLANG_ANALYZER_NUMBER_OBJECT_CONVERSION = YES_AGGRESSIVE;
				CLANG_CXX_LANGUAGE_STANDARD = "gnu++20";
				CLANG_ENABLE_MODULES = YES;
				CLANG_ENABLE_OBJC_ARC = YES;
				CLANG_ENABLE_OBJC_WEAK = YES;
				CLANG_WARN_BLOCK_CAPTURE_AUTORELEASING = YES;
				CLANG_WARN_BOOL_CONVERSION = YES;
				CLANG_WARN_COMMA = YES;
				CLANG_WARN_CONSTANT_CONVERSION = YES;
				CLANG_WARN_DEPRECATED_OBJC_IMPLEMENTATIONS = YES;
				CLANG_WARN_DIRECT_OBJC_ISA_USAGE = YES_ERROR;
				CLANG_WARN_DOCUMENTATION_COMMENTS = YES;
				CLANG_WARN_EMPTY_BODY = YES;
				CLANG_WARN_ENUM_CONVERSION = YES;
				CLANG_WARN_INFINITE_RECURSION = YES;
				CLANG_WARN_INT_CONVERSION = YES;
				CLANG_WARN_NON_LITERAL_NULL_CONVERSION = YES;
				CLANG_WARN_OBJC_IMPLICIT_RETAIN_SELF = YES;
				CLANG_WARN_OBJC_LITERAL_CONVERSION = YES;
				CLANG_WARN_OBJC_ROOT_CLASS = YES_ERROR;
				CLANG_WARN_QUOTED_INCLUDE_IN_FRAMEWORK_HEADER = YES;
				CLANG_WARN_RANGE_LOOP_ANALYSIS = YES;
				CLANG_WARN_STRICT_PROTOTYPES = YES;
				CLANG_WARN_SUSPICIOUS_MOVE = YES;
				CLANG_WARN_UNGUARDED_AVAILABILITY = YES_AGGRESSIVE;
				CLANG_WARN_UNREACHABLE_CODE = YES;
				CLANG_WARN__DUPLICATE_METHOD_MATCH = YES;
				COPY_PHASE_STRIP = NO;
				DEBUG_INFORMATION_FORMAT = dwarf;
				ENABLE_STRICT_OBJC_MSGSEND = YES;
				ENABLE_TESTABILITY = YES;
				ENABLE_USER_SCRIPT_SANDBOXING = YES;
				GCC_C_LANGUAGE_STANDARD = gnu17;
				GCC_DYNAMIC_NO_PIC = NO;
				GCC_NO_COMMON_BLOCKS = YES;
				GCC_OPTIMIZATION_LEVEL = 0;
				GCC_PREPROCESSOR_DEFINITIONS = (
					"DEBUG=1",
					"$(inherited)",
				);
				GCC_WARN_64_TO_32_BIT_CONVERSION = YES;
				GCC_WARN_ABOUT_RETURN_TYPE = YES_ERROR;
				GCC_WARN_UNDECLARED_SELECTOR = YES;
				GCC_WARN_UNINITIALIZED_AUTOS = YES_AGGRESSIVE;
				GCC_WARN_UNUSED_FUNCTION = YES;
				GCC_WARN_UNUSED_VARIABLE = YES;
				IPHONEOS_DEPLOYMENT_TARGET = 18.1;
				LOCALIZATION_PREFERS_STRING_CATALOGS = YES;
				MTL_ENABLE_DEBUG_INFO = INCLUDE_SOURCE;
				MTL_FAST_MATH = YES;
				ONLY_ACTIVE_ARCH = YES;
				SDKROOT = iphoneos;
				SWIFT_ACTIVE_COMPILATION_CONDITIONS = "DEBUG $(inherited)";
				SWIFT_OPTIMIZATION_LEVEL = "-Onone";
			};
			name = Debug;
		};
		AFC10FAA2D99715C00E217F2 /* Release */ = {
			isa = XCBuildConfiguration;
			buildSettings = {
				ALWAYS_SEARCH_USER_PATHS = NO;
				ASSETCATALOG_COMPILER_GENERATE_SWIFT_ASSET_SYMBOL_EXTENSIONS = YES;
				CLANG_ANALYZER_NONNULL = YES;
				CLANG_ANALYZER_NUMBER_OBJECT_CONVERSION = YES_AGGRESSIVE;
				CLANG_CXX_LANGUAGE_STANDARD = "gnu++20";
				CLANG_ENABLE_MODULES = YES;
				CLANG_ENABLE_OBJC_ARC = YES;
				CLANG_ENABLE_OBJC_WEAK = YES;
				CLANG_WARN_BLOCK_CAPTURE_AUTORELEASING = YES;
				CLANG_WARN_BOOL_CONVERSION = YES;
				CLANG_WARN_COMMA = YES;
				CLANG_WARN_CONSTANT_CONVERSION = YES;
				CLANG_WARN_DEPRECATED_OBJC_IMPLEMENTATIONS = YES;
				CLANG_WARN_DIRECT_OBJC_ISA_USAGE = YES_ERROR;
				CLANG_WARN_DOCUMENTATION_COMMENTS = YES;
				CLANG_WARN_EMPTY_BODY = YES;
				CLANG_WARN_ENUM_CONVERSION = YES;
				CLANG_WARN_INFINITE_RECURSION = YES;
				CLANG_WARN_INT_CONVERSION = YES;
				CLANG_WARN_NON_LITERAL_NULL_CONVERSION = YES;
				CLANG_WARN_OBJC_IMPLICIT_RETAIN_SELF = YES;
				CLANG_WARN_OBJC_LITERAL_CONVERSION = YES;
				CLANG_WARN_OBJC_ROOT_CLASS = YES_ERROR;
				CLANG_WARN_QUOTED_INCLUDE_IN_FRAMEWORK_HEADER = YES;
				CLANG_WARN_RANGE_LOOP_ANALYSIS = YES;
				CLANG_WARN_STRICT_PROTOTYPES = YES;
				CLANG_WARN_SUSPICIOUS_MOVE = YES;
				CLANG_WARN_UNGUARDED_AVAILABILITY = YES_AGGRESSIVE;
				CLANG_WARN_UNREACHABLE_CODE = YES;
				CLANG_WARN__DUPLICATE_METHOD_MATCH = YES;
				COPY_PHASE_STRIP = NO;
				DEBUG_INFORMATION_FORMAT = "dwarf-with-dsym";
				ENABLE_NS_ASSERTIONS = NO;
				ENABLE_STRICT_OBJC_MSGSEND = YES;
				ENABLE_USER_SCRIPT_SANDBOXING = YES;
				GCC_C_LANGUAGE_STANDARD = gnu17;
				GCC_NO_COMMON_BLOCKS = YES;
				GCC_WARN_64_TO_32_BIT_CONVERSION = YES;
				GCC_WARN_ABOUT_RETURN_TYPE = YES_ERROR;
				GCC_WARN_UNDECLARED_SELECTOR = YES;
				GCC_WARN_UNINITIALIZED_AUTOS = YES_AGGRESSIVE;
				GCC_WARN_UNUSED_FUNCTION = YES;
				GCC_WARN_UNUSED_VARIABLE = YES;
				IPHONEOS_DEPLOYMENT_TARGET = 18.1;
				LOCALIZATION_PREFERS_STRING_CATALOGS = YES;
				MTL_ENABLE_DEBUG_INFO = NO;
				MTL_FAST_MATH = YES;
				SDKROOT = iphoneos;
				SWIFT_COMPILATION_MODE = wholemodule;
				VALIDATE_PRODUCT = YES;
			};
			name = Release;
		};
		AFC10FAC2D99715C00E217F2 /* Debug */ = {
			isa = XCBuildConfiguration;
			buildSettings = {
				ASSETCATALOG_COMPILER_APPICON_NAME = AppIcon;
				ASSETCATALOG_COMPILER_GLOBAL_ACCENT_COLOR_NAME = AccentColor;
				CODE_SIGN_STYLE = Automatic;
				CURRENT_PROJECT_VERSION = 1;
				DEVELOPMENT_ASSET_PATHS = "\"GroceryAssistant/Preview Content\"";
				DEVELOPMENT_TEAM = SRPACPFAKQ;
				ENABLE_PREVIEWS = YES;
				GENERATE_INFOPLIST_FILE = YES;
				INFOPLIST_FILE = GroceryAssistant/Info.plist;
				INFOPLIST_KEY_NSFaceIDUsageDescription = "We use Face ID to allow you to securely sign in to your account.";
				INFOPLIST_KEY_UIApplicationSceneManifest_Generation = YES;
				INFOPLIST_KEY_UIApplicationSupportsIndirectInputEvents = YES;
				INFOPLIST_KEY_UILaunchScreen_Generation = YES;
				INFOPLIST_KEY_UISupportedInterfaceOrientations_iPad = "UIInterfaceOrientationPortrait UIInterfaceOrientationPortraitUpsideDown UIInterfaceOrientationLandscapeLeft UIInterfaceOrientationLandscapeRight";
				INFOPLIST_KEY_UISupportedInterfaceOrientations_iPhone = "UIInterfaceOrientationPortrait UIInterfaceOrientationLandscapeLeft UIInterfaceOrientationLandscapeRight";
				LD_RUNPATH_SEARCH_PATHS = (
					"$(inherited)",
					"@executable_path/Frameworks",
				);
				MARKETING_VERSION = 1.0;
				PRODUCT_BUNDLE_IDENTIFIER = Isuru.GroceryAssistant;
				PRODUCT_NAME = "$(TARGET_NAME)";
				SWIFT_EMIT_LOC_STRINGS = YES;
				SWIFT_VERSION = 5.0;
				TARGETED_DEVICE_FAMILY = "1,2";
			};
			name = Debug;
		};
		AFC10FAD2D99715C00E217F2 /* Release */ = {
			isa = XCBuildConfiguration;
			buildSettings = {
				ASSETCATALOG_COMPILER_APPICON_NAME = AppIcon;
				ASSETCATALOG_COMPILER_GLOBAL_ACCENT_COLOR_NAME = AccentColor;
				CODE_SIGN_STYLE = Automatic;
				CURRENT_PROJECT_VERSION = 1;
				DEVELOPMENT_ASSET_PATHS = "\"GroceryAssistant/Preview Content\"";
				DEVELOPMENT_TEAM = SRPACPFAKQ;
				ENABLE_PREVIEWS = YES;
				GENERATE_INFOPLIST_FILE = YES;
				INFOPLIST_FILE = GroceryAssistant/Info.plist;
				INFOPLIST_KEY_NSFaceIDUsageDescription = "We use Face ID to allow you to securely sign in to your account.";
				INFOPLIST_KEY_UIApplicationSceneManifest_Generation = YES;
				INFOPLIST_KEY_UIApplicationSupportsIndirectInputEvents = YES;
				INFOPLIST_KEY_UILaunchScreen_Generation = YES;
				INFOPLIST_KEY_UISupportedInterfaceOrientations_iPad = "UIInterfaceOrientationPortrait UIInterfaceOrientationPortraitUpsideDown UIInterfaceOrientationLandscapeLeft UIInterfaceOrientationLandscapeRight";
				INFOPLIST_KEY_UISupportedInterfaceOrientations_iPhone = "UIInterfaceOrientationPortrait UIInterfaceOrientationLandscapeLeft UIInterfaceOrientationLandscapeRight";
				LD_RUNPATH_SEARCH_PATHS = (
					"$(inherited)",
					"@executable_path/Frameworks",
				);
				MARKETING_VERSION = 1.0;
				PRODUCT_BUNDLE_IDENTIFIER = Isuru.GroceryAssistant;
				PRODUCT_NAME = "$(TARGET_NAME)";
				SWIFT_EMIT_LOC_STRINGS = YES;
				SWIFT_VERSION = 5.0;
				TARGETED_DEVICE_FAMILY = "1,2";
			};
			name = Release;
		};
		AFC10FAF2D99715C00E217F2 /* Debug */ = {
			isa = XCBuildConfiguration;
			buildSettings = {
				BUNDLE_LOADER = "$(TEST_HOST)";
				CODE_SIGN_STYLE = Automatic;
				CURRENT_PROJECT_VERSION = 1;
				DEVELOPMENT_TEAM = SRPACPFAKQ;
				GENERATE_INFOPLIST_FILE = YES;
				IPHONEOS_DEPLOYMENT_TARGET = 18.1;
				MARKETING_VERSION = 1.0;
				PRODUCT_BUNDLE_IDENTIFIER = Isuru.GroceryAssistantTests;
				PRODUCT_NAME = "$(TARGET_NAME)";
				SWIFT_EMIT_LOC_STRINGS = NO;
				SWIFT_VERSION = 5.0;
				TARGETED_DEVICE_FAMILY = "1,2";
				TEST_HOST = "$(BUILT_PRODUCTS_DIR)/GroceryAssistant.app/$(BUNDLE_EXECUTABLE_FOLDER_PATH)/GroceryAssistant";
			};
			name = Debug;
		};
		AFC10FB02D99715C00E217F2 /* Release */ = {
			isa = XCBuildConfiguration;
			buildSettings = {
				BUNDLE_LOADER = "$(TEST_HOST)";
				CODE_SIGN_STYLE = Automatic;
				CURRENT_PROJECT_VERSION = 1;
				DEVELOPMENT_TEAM = SRPACPFAKQ;
				GENERATE_INFOPLIST_FILE = YES;
				IPHONEOS_DEPLOYMENT_TARGET = 18.1;
				MARKETING_VERSION = 1.0;
				PRODUCT_BUNDLE_IDENTIFIER = Isuru.GroceryAssistantTests;
				PRODUCT_NAME = "$(TARGET_NAME)";
				SWIFT_EMIT_LOC_STRINGS = NO;
				SWIFT_VERSION = 5.0;
				TARGETED_DEVICE_FAMILY = "1,2";
				TEST_HOST = "$(BUILT_PRODUCTS_DIR)/GroceryAssistant.app/$(BUNDLE_EXECUTABLE_FOLDER_PATH)/GroceryAssistant";
			};
			name = Release;
		};
		AFC10FB22D99715C00E217F2 /* Debug */ = {
			isa = XCBuildConfiguration;
			buildSettings = {
				CODE_SIGN_STYLE = Automatic;
				CURRENT_PROJECT_VERSION = 1;
				DEVELOPMENT_TEAM = SRPACPFAKQ;
				GENERATE_INFOPLIST_FILE = YES;
				MARKETING_VERSION = 1.0;
				PRODUCT_BUNDLE_IDENTIFIER = Isuru.GroceryAssistantUITests;
				PRODUCT_NAME = "$(TARGET_NAME)";
				SWIFT_EMIT_LOC_STRINGS = NO;
				SWIFT_VERSION = 5.0;
				TARGETED_DEVICE_FAMILY = "1,2";
				TEST_TARGET_NAME = GroceryAssistant;
			};
			name = Debug;
		};
		AFC10FB32D99715C00E217F2 /* Release */ = {
			isa = XCBuildConfiguration;
			buildSettings = {
				CODE_SIGN_STYLE = Automatic;
				CURRENT_PROJECT_VERSION = 1;
				DEVELOPMENT_TEAM = SRPACPFAKQ;
				GENERATE_INFOPLIST_FILE = YES;
				MARKETING_VERSION = 1.0;
				PRODUCT_BUNDLE_IDENTIFIER = Isuru.GroceryAssistantUITests;
				PRODUCT_NAME = "$(TARGET_NAME)";
				SWIFT_EMIT_LOC_STRINGS = NO;
				SWIFT_VERSION = 5.0;
				TARGETED_DEVICE_FAMILY = "1,2";
				TEST_TARGET_NAME = GroceryAssistant;
			};
			name = Release;
		};
/* End XCBuildConfiguration section */

/* Begin XCConfigurationList section */
		AFC10F822D99715900E217F2 /* Build configuration list for PBXProject "GroceryAssistant" */ = {
			isa = XCConfigurationList;
			buildConfigurations = (
				AFC10FA92D99715C00E217F2 /* Debug */,
				AFC10FAA2D99715C00E217F2 /* Release */,
			);
			defaultConfigurationIsVisible = 0;
			defaultConfigurationName = Release;
		};
		AFC10FAB2D99715C00E217F2 /* Build configuration list for PBXNativeTarget "GroceryAssistant" */ = {
			isa = XCConfigurationList;
			buildConfigurations = (
				AFC10FAC2D99715C00E217F2 /* Debug */,
				AFC10FAD2D99715C00E217F2 /* Release */,
			);
			defaultConfigurationIsVisible = 0;
			defaultConfigurationName = Release;
		};
		AFC10FAE2D99715C00E217F2 /* Build configuration list for PBXNativeTarget "GroceryAssistantTests" */ = {
			isa = XCConfigurationList;
			buildConfigurations = (
				AFC10FAF2D99715C00E217F2 /* Debug */,
				AFC10FB02D99715C00E217F2 /* Release */,
			);
			defaultConfigurationIsVisible = 0;
			defaultConfigurationName = Release;
		};
		AFC10FB12D99715C00E217F2 /* Build configuration list for PBXNativeTarget "GroceryAssistantUITests" */ = {
			isa = XCConfigurationList;
			buildConfigurations = (
				AFC10FB22D99715C00E217F2 /* Debug */,
				AFC10FB32D99715C00E217F2 /* Release */,
			);
			defaultConfigurationIsVisible = 0;
			defaultConfigurationName = Release;
		};
/* End XCConfigurationList section */

/* Begin XCRemoteSwiftPackageReference section */
		AFC10FDD2D9A735400E217F2 /* XCRemoteSwiftPackageReference "firebase-ios-sdk" */ = {
			isa = XCRemoteSwiftPackageReference;
			repositoryURL = "https://github.com/firebase/firebase-ios-sdk.git";
			requirement = {
				kind = upToNextMajorVersion;
				minimumVersion = 11.10.0;
			};
		};
/* End XCRemoteSwiftPackageReference section */

/* Begin XCSwiftPackageProductDependency section */
		AFC10FDE2D9A735400E217F2 /* FirebaseAnalytics */ = {
			isa = XCSwiftPackageProductDependency;
			package = AFC10FDD2D9A735400E217F2 /* XCRemoteSwiftPackageReference "firebase-ios-sdk" */;
			productName = FirebaseAnalytics;
		};
		AFC10FE02D9A735400E217F2 /* FirebaseAnalyticsOnDeviceConversion */ = {
			isa = XCSwiftPackageProductDependency;
			package = AFC10FDD2D9A735400E217F2 /* XCRemoteSwiftPackageReference "firebase-ios-sdk" */;
			productName = FirebaseAnalyticsOnDeviceConversion;
		};
		AFC10FE22D9A735400E217F2 /* FirebaseAnalyticsWithoutAdIdSupport */ = {
			isa = XCSwiftPackageProductDependency;
			package = AFC10FDD2D9A735400E217F2 /* XCRemoteSwiftPackageReference "firebase-ios-sdk" */;
			productName = FirebaseAnalyticsWithoutAdIdSupport;
		};
		AFC10FE42D9A735400E217F2 /* FirebaseAppCheck */ = {
			isa = XCSwiftPackageProductDependency;
			package = AFC10FDD2D9A735400E217F2 /* XCRemoteSwiftPackageReference "firebase-ios-sdk" */;
			productName = FirebaseAppCheck;
		};
		AFC10FE62D9A735400E217F2 /* FirebaseAppDistribution-Beta */ = {
			isa = XCSwiftPackageProductDependency;
			package = AFC10FDD2D9A735400E217F2 /* XCRemoteSwiftPackageReference "firebase-ios-sdk" */;
			productName = "FirebaseAppDistribution-Beta";
		};
		AFC110242D9A80AE00E217F2 /* FirebaseAuth */ = {
			isa = XCSwiftPackageProductDependency;
			package = AFC10FDD2D9A735400E217F2 /* XCRemoteSwiftPackageReference "firebase-ios-sdk" */;
			productName = FirebaseAuth;
		};
		AFC110262D9A80B900E217F2 /* FirebaseFirestore */ = {
			isa = XCSwiftPackageProductDependency;
			package = AFC10FDD2D9A735400E217F2 /* XCRemoteSwiftPackageReference "firebase-ios-sdk" */;
			productName = FirebaseFirestore;
		};
/* End XCSwiftPackageProductDependency section */
	};
	rootObject = AFC10F7F2D99715900E217F2 /* Project object */;
}
